version = 1
revision = 3
requires-python = "==3.12.*"

[[package]]
name = "annotated-types"
version = "0.7.0"
source = { registry = "https://pypi.org/simple" }
sdist = { url = "https://files.pythonhosted.org/packages/ee/67/531ea369ba64dcff5ec9c3402f9f51bf748cec26dde048a2f973a4eea7f5/annotated_types-0.7.0.tar.gz", hash = "sha256:aff07c09a53a08bc8cfccb9c85b05f1aa9a2a6f23728d790723543408344ce89", size = 16081, upload-time = "2024-05-20T21:33:25.928Z" }
wheels = [
    { url = "https://files.pythonhosted.org/packages/78/b6/6307fbef88d9b5ee7421e68d78a9f162e0da4900bc5f5793f6d3d0e34fb8/annotated_types-0.7.0-py3-none-any.whl", hash = "sha256:1f02e8b43a8fbbc3f3e0d4f0f4bfc8131bcb4eebe8849b8e5c773f3a1c582a53", size = 13643, upload-time = "2024-05-20T21:33:24.1Z" },
]

[[package]]
name = "anyio"
version = "4.11.0"
source = { registry = "https://pypi.org/simple" }
dependencies = [
    { name = "idna" },
    { name = "sniffio" },
    { name = "typing-extensions" },
]
sdist = { url = "https://files.pythonhosted.org/packages/c6/78/7d432127c41b50bccba979505f272c16cbcadcc33645d5fa3a738110ae75/anyio-4.11.0.tar.gz", hash = "sha256:82a8d0b81e318cc5ce71a5f1f8b5c4e63619620b63141ef8c995fa0db95a57c4", size = 219094, upload-time = "2025-09-23T09:19:12.58Z" }
wheels = [
    { url = "https://files.pythonhosted.org/packages/15/b3/9b1a8074496371342ec1e796a96f99c82c945a339cd81a8e73de28b4cf9e/anyio-4.11.0-py3-none-any.whl", hash = "sha256:0287e96f4d26d4149305414d4e3bc32f0dcd0862365a4bddea19d7a1ec38c4fc", size = 109097, upload-time = "2025-09-23T09:19:10.601Z" },
]

[[package]]
name = "cache-pandas"
version = "1.0.0"
source = { registry = "https://pypi.org/simple" }
dependencies = [
    { name = "pandas" },
]
sdist = { url = "https://files.pythonhosted.org/packages/ae/65/726368ad7c7099c690c9765ef336f77f81a7e329411ecdbb1e0957555f7b/cache-pandas-1.0.0.tar.gz", hash = "sha256:ff397c5696caa736750bccc1bd53a2545a30ea7aef1b639b1ac8e5efbec8ac1e", size = 7470, upload-time = "2023-01-01T18:57:37.331Z" }
wheels = [
    { url = "https://files.pythonhosted.org/packages/86/d3/2c7325929eb9598976ea359aa0162b19911825ba798fc8f80efe19ac97a7/cache_pandas-1.0.0-py3-none-any.whl", hash = "sha256:534cf9570553409dcdeee762c81fbbea62d9c4c9eb032d1a94cc2ee4a2c7592a", size = 5679, upload-time = "2023-01-01T18:57:36.094Z" },
]

[[package]]
name = "click"
version = "8.3.0"
source = { registry = "https://pypi.org/simple" }
dependencies = [
    { name = "colorama", marker = "sys_platform == 'win32'" },
]
sdist = { url = "https://files.pythonhosted.org/packages/46/61/de6cd827efad202d7057d93e0fed9294b96952e188f7384832791c7b2254/click-8.3.0.tar.gz", hash = "sha256:e7b8232224eba16f4ebe410c25ced9f7875cb5f3263ffc93cc3e8da705e229c4", size = 276943, upload-time = "2025-09-18T17:32:23.696Z" }
wheels = [
    { url = "https://files.pythonhosted.org/packages/db/d3/9dcc0f5797f070ec8edf30fbadfb200e71d9db6b84d211e3b2085a7589a0/click-8.3.0-py3-none-any.whl", hash = "sha256:9b9f285302c6e3064f4330c05f05b81945b2a39544279343e6e7c5f27a9baddc", size = 107295, upload-time = "2025-09-18T17:32:22.42Z" },
]

[[package]]
name = "colorama"
version = "0.4.6"
source = { registry = "https://pypi.org/simple" }
sdist = { url = "https://files.pythonhosted.org/packages/d8/53/6f443c9a4a8358a93a6792e2acffb9d9d5cb0a5cfd8802644b7b1c9a02e4/colorama-0.4.6.tar.gz", hash = "sha256:08695f5cb7ed6e0531a20572697297273c47b8cae5a63ffc6d6ed5c201be6e44", size = 27697, upload-time = "2022-10-25T02:36:22.414Z" }
wheels = [
    { url = "https://files.pythonhosted.org/packages/d1/d6/3965ed04c63042e047cb6a3e6ed1a63a35087b6a609aa3a15ed8ac56c221/colorama-0.4.6-py2.py3-none-any.whl", hash = "sha256:4f1d9991f5acc0ca119f9d443620b77f9d6b33703e51011c16baf57afb285fc6", size = 25335, upload-time = "2022-10-25T02:36:20.889Z" },
]

[[package]]
name = "cvxopt"
version = "1.3.2"
source = { registry = "https://pypi.org/simple" }
sdist = { url = "https://files.pythonhosted.org/packages/f5/12/8467d16008ab7577259d32f1e59c4d84edda22b7729ab4a1a0dfd5f0550b/cvxopt-1.3.2.tar.gz", hash = "sha256:3461fa42c1b2240ba4da1d985ca73503914157fc4c77417327ed6d7d85acdbe6", size = 4108454, upload-time = "2023-08-09T14:31:17.514Z" }
wheels = [
    { url = "https://files.pythonhosted.org/packages/10/dc/1c21715e1267ca29f562e4450426d1ff8a7ffcc3e670100cec332a105b95/cvxopt-1.3.2-cp312-cp312-macosx_10_9_x86_64.whl", hash = "sha256:25adbeb0efd50d7ea4f07e5f5bd390a3c807df907f03efb86b018807c2c8cfbe", size = 13836586, upload-time = "2023-12-22T12:05:40.049Z" },
    { url = "https://files.pythonhosted.org/packages/cd/c8/a04048143d0329ccd36403951746c1a6b5f1fc56c479e5a0a77efb2064b2/cvxopt-1.3.2-cp312-cp312-macosx_11_0_arm64.whl", hash = "sha256:c10e27cb7a27b55f17e0df30c6b85e98c9672a7bdb7000a7509560eee7679137", size = 12765513, upload-time = "2023-12-22T12:05:43.608Z" },
    { url = "https://files.pythonhosted.org/packages/c7/17/ee82c745c5bda340a4dd812652c42fb71efd45f663554a10c3ec45f230df/cvxopt-1.3.2-cp312-cp312-manylinux_2_17_x86_64.manylinux2014_x86_64.whl", hash = "sha256:e8bcf71a5016aeb24e597dc099564e8de809e0bc5d6af21e26422586aea26718", size = 17870231, upload-time = "2023-12-22T14:05:33.01Z" },
    { url = "https://files.pythonhosted.org/packages/c6/f9/467c3f4682f3dbfbd7ff67f2307ed746a86b6dcc6b0b62cf1eeaebbd9d74/cvxopt-1.3.2-cp312-cp312-manylinux_2_28_aarch64.whl", hash = "sha256:a581e6c87a06371210184f64353055ff7c917d49363901ae0c527da139095082", size = 13846494, upload-time = "2024-10-21T20:50:42.583Z" },
    { url = "https://files.pythonhosted.org/packages/41/8e/c3869928250e12ad9264da388bc70150a9de039e233b815a6a3bd2b8b8ae/cvxopt-1.3.2-cp312-cp312-musllinux_1_2_aarch64.whl", hash = "sha256:be7800ac4556d8920aaf8e4e2d89348aafd5d585642aabf9eeecb09a2659fbca", size = 9529949, upload-time = "2024-10-21T20:50:45.165Z" },
    { url = "https://files.pythonhosted.org/packages/9f/ad/edce467c24529c536fc9de787546a1c8eca293009383a872b6f638d22eae/cvxopt-1.3.2-cp312-cp312-win_amd64.whl", hash = "sha256:a92ebfc5df77fea57544f8ad2102bfc45af0e77ac4dfe98ed1b9628e8bba77c3", size = 12845277, upload-time = "2023-12-22T12:05:47.516Z" },
]

[[package]]
name = "fastapi"
version = "0.116.1"
source = { registry = "https://pypi.org/simple" }
dependencies = [
    { name = "pydantic" },
    { name = "starlette" },
    { name = "typing-extensions" },
]
sdist = { url = "https://files.pythonhosted.org/packages/78/d7/6c8b3bfe33eeffa208183ec037fee0cce9f7f024089ab1c5d12ef04bd27c/fastapi-0.116.1.tar.gz", hash = "sha256:ed52cbf946abfd70c5a0dccb24673f0670deeb517a88b3544d03c2a6bf283143", size = 296485, upload-time = "2025-07-11T16:22:32.057Z" }
wheels = [
    { url = "https://files.pythonhosted.org/packages/e5/47/d63c60f59a59467fda0f93f46335c9d18526d7071f025cb5b89d5353ea42/fastapi-0.116.1-py3-none-any.whl", hash = "sha256:c46ac7c312df840f0c9e220f7964bada936781bc4e2e6eb71f1c4d7553786565", size = 95631, upload-time = "2025-07-11T16:22:30.485Z" },
]

[[package]]
name = "finance-tomoswells-com"
version = "0.0.0"
source = { editable = "." }
dependencies = [
    { name = "cache-pandas" },
    { name = "cvxopt" },
    { name = "fastapi" },
    { name = "pandas" },
    { name = "python-dotenv" },
    { name = "uvicorn", extra = ["standard"] },
]

[package.metadata]
requires-dist = [
    { name = "cache-pandas", specifier = "==1.0.0" },
    { name = "cvxopt", specifier = "==1.3.2" },
    { name = "fastapi", specifier = "==0.116.1" },
    { name = "pandas", specifier = "==2.2.2" },
    { name = "python-dotenv", specifier = "==1.0.1" },
    { name = "uvicorn", extras = ["standard"], specifier = "==0.35.0" },
]

[[package]]
name = "h11"
version = "0.16.0"
source = { registry = "https://pypi.org/simple" }
sdist = { url = "https://files.pythonhosted.org/packages/01/ee/02a2c011bdab74c6fb3c75474d40b3052059d95df7e73351460c8588d963/h11-0.16.0.tar.gz", hash = "sha256:4e35b956cf45792e4caa5885e69fba00bdbc6ffafbfa020300e549b208ee5ff1", size = 101250, upload-time = "2025-04-24T03:35:25.427Z" }
wheels = [
    { url = "https://files.pythonhosted.org/packages/04/4b/29cac41a4d98d144bf5f6d33995617b185d14b22401f75ca86f384e87ff1/h11-0.16.0-py3-none-any.whl", hash = "sha256:63cf8bbe7522de3bf65932fda1d9c2772064ffb3dae62d55932da54b31cb6c86", size = 37515, upload-time = "2025-04-24T03:35:24.344Z" },
]

[[package]]
name = "httptools"
version = "0.7.1"
source = { registry = "https://pypi.org/simple" }
sdist = { url = "https://files.pythonhosted.org/packages/b5/46/120a669232c7bdedb9d52d4aeae7e6c7dfe151e99dc70802e2fc7a5e1993/httptools-0.7.1.tar.gz", hash = "sha256:abd72556974f8e7c74a259655924a717a2365b236c882c3f6f8a45fe94703ac9", size = 258961, upload-time = "2025-10-10T03:55:08.559Z" }
wheels = [
    { url = "https://files.pythonhosted.org/packages/53/7f/403e5d787dc4942316e515e949b0c8a013d84078a915910e9f391ba9b3ed/httptools-0.7.1-cp312-cp312-macosx_10_13_universal2.whl", hash = "sha256:38e0c83a2ea9746ebbd643bdfb521b9aa4a91703e2cd705c20443405d2fd16a5", size = 206280, upload-time = "2025-10-10T03:54:39.274Z" },
    { url = "https://files.pythonhosted.org/packages/2a/0d/7f3fd28e2ce311ccc998c388dd1c53b18120fda3b70ebb022b135dc9839b/httptools-0.7.1-cp312-cp312-macosx_11_0_arm64.whl", hash = "sha256:f25bbaf1235e27704f1a7b86cd3304eabc04f569c828101d94a0e605ef7205a5", size = 110004, upload-time = "2025-10-10T03:54:40.403Z" },
    { url = "https://files.pythonhosted.org/packages/84/a6/b3965e1e146ef5762870bbe76117876ceba51a201e18cc31f5703e454596/httptools-0.7.1-cp312-cp312-manylinux1_x86_64.manylinux_2_28_x86_64.manylinux_2_5_x86_64.whl", hash = "sha256:2c15f37ef679ab9ecc06bfc4e6e8628c32a8e4b305459de7cf6785acd57e4d03", size = 517655, upload-time = "2025-10-10T03:54:41.347Z" },
    { url = "https://files.pythonhosted.org/packages/11/7d/71fee6f1844e6fa378f2eddde6c3e41ce3a1fb4b2d81118dd544e3441ec0/httptools-0.7.1-cp312-cp312-manylinux2014_aarch64.manylinux_2_17_aarch64.manylinux_2_28_aarch64.whl", hash = "sha256:7fe6e96090df46b36ccfaf746f03034e5ab723162bc51b0a4cf58305324036f2", size = 511440, upload-time = "2025-10-10T03:54:42.452Z" },
    { url = "https://files.pythonhosted.org/packages/22/a5/079d216712a4f3ffa24af4a0381b108aa9c45b7a5cc6eb141f81726b1823/httptools-0.7.1-cp312-cp312-musllinux_1_2_aarch64.whl", hash = "sha256:f72fdbae2dbc6e68b8239defb48e6a5937b12218e6ffc2c7846cc37befa84362", size = 495186, upload-time = "2025-10-10T03:54:43.937Z" },
    { url = "https://files.pythonhosted.org/packages/e9/9e/025ad7b65278745dee3bd0ebf9314934c4592560878308a6121f7f812084/httptools-0.7.1-cp312-cp312-musllinux_1_2_x86_64.whl", hash = "sha256:e99c7b90a29fd82fea9ef57943d501a16f3404d7b9ee81799d41639bdaae412c", size = 499192, upload-time = "2025-10-10T03:54:45.003Z" },
    { url = "https://files.pythonhosted.org/packages/6d/de/40a8f202b987d43afc4d54689600ff03ce65680ede2f31df348d7f368b8f/httptools-0.7.1-cp312-cp312-win_amd64.whl", hash = "sha256:3e14f530fefa7499334a79b0cf7e7cd2992870eb893526fb097d51b4f2d0f321", size = 86694, upload-time = "2025-10-10T03:54:45.923Z" },
]

[[package]]
name = "idna"
version = "3.11"
source = { registry = "https://pypi.org/simple" }
sdist = { url = "https://files.pythonhosted.org/packages/6f/6d/0703ccc57f3a7233505399edb88de3cbd678da106337b9fcde432b65ed60/idna-3.11.tar.gz", hash = "sha256:795dafcc9c04ed0c1fb032c2aa73654d8e8c5023a7df64a53f39190ada629902", size = 194582, upload-time = "2025-10-12T14:55:20.501Z" }
wheels = [
    { url = "https://files.pythonhosted.org/packages/0e/61/66938bbb5fc52dbdf84594873d5b51fb1f7c7794e9c0f5bd885f30bc507b/idna-3.11-py3-none-any.whl", hash = "sha256:771a87f49d9defaf64091e6e6fe9c18d4833f140bd19464795bc32d966ca37ea", size = 71008, upload-time = "2025-10-12T14:55:18.883Z" },
]

[[package]]
name = "numpy"
version = "2.3.4"
source = { registry = "https://pypi.org/simple" }
sdist = { url = "https://files.pythonhosted.org/packages/b5/f4/098d2270d52b41f1bd7db9fc288aaa0400cb48c2a3e2af6fa365d9720947/numpy-2.3.4.tar.gz", hash = "sha256:a7d018bfedb375a8d979ac758b120ba846a7fe764911a64465fd87b8729f4a6a", size = 20582187, upload-time = "2025-10-15T16:18:11.77Z" }
wheels = [
    { url = "https://files.pythonhosted.org/packages/96/7a/02420400b736f84317e759291b8edaeee9dc921f72b045475a9cbdb26b17/numpy-2.3.4-cp312-cp312-macosx_10_13_x86_64.whl", hash = "sha256:ef1b5a3e808bc40827b5fa2c8196151a4c5abe110e1726949d7abddfe5c7ae11", size = 20957727, upload-time = "2025-10-15T16:15:44.9Z" },
    { url = "https://files.pythonhosted.org/packages/18/90/a014805d627aa5750f6f0e878172afb6454552da929144b3c07fcae1bb13/numpy-2.3.4-cp312-cp312-macosx_11_0_arm64.whl", hash = "sha256:c2f91f496a87235c6aaf6d3f3d89b17dba64996abadccb289f48456cff931ca9", size = 14187262, upload-time = "2025-10-15T16:15:47.761Z" },
    { url = "https://files.pythonhosted.org/packages/c7/e4/0a94b09abe89e500dc748e7515f21a13e30c5c3fe3396e6d4ac108c25fca/numpy-2.3.4-cp312-cp312-macosx_14_0_arm64.whl", hash = "sha256:f77e5b3d3da652b474cc80a14084927a5e86a5eccf54ca8ca5cbd697bf7f2667", size = 5115992, upload-time = "2025-10-15T16:15:50.144Z" },
    { url = "https://files.pythonhosted.org/packages/88/dd/db77c75b055c6157cbd4f9c92c4458daef0dd9cbe6d8d2fe7f803cb64c37/numpy-2.3.4-cp312-cp312-macosx_14_0_x86_64.whl", hash = "sha256:8ab1c5f5ee40d6e01cbe96de5863e39b215a4d24e7d007cad56c7184fdf4aeef", size = 6648672, upload-time = "2025-10-15T16:15:52.442Z" },
    { url = "https://files.pythonhosted.org/packages/e1/e6/e31b0d713719610e406c0ea3ae0d90760465b086da8783e2fd835ad59027/numpy-2.3.4-cp312-cp312-manylinux_2_27_aarch64.manylinux_2_28_aarch64.whl", hash = "sha256:77b84453f3adcb994ddbd0d1c5d11db2d6bda1a2b7fd5ac5bd4649d6f5dc682e", size = 14284156, upload-time = "2025-10-15T16:15:54.351Z" },
    { url = "https://files.pythonhosted.org/packages/f9/58/30a85127bfee6f108282107caf8e06a1f0cc997cb6b52cdee699276fcce4/numpy-2.3.4-cp312-cp312-manylinux_2_27_x86_64.manylinux_2_28_x86_64.whl", hash = "sha256:4121c5beb58a7f9e6dfdee612cb24f4df5cd4db6e8261d7f4d7450a997a65d6a", size = 16641271, upload-time = "2025-10-15T16:15:56.67Z" },
    { url = "https://files.pythonhosted.org/packages/06/f2/2e06a0f2adf23e3ae29283ad96959267938d0efd20a2e25353b70065bfec/numpy-2.3.4-cp312-cp312-musllinux_1_2_aarch64.whl", hash = "sha256:65611ecbb00ac9846efe04db15cbe6186f562f6bb7e5e05f077e53a599225d16", size = 16059531, upload-time = "2025-10-15T16:15:59.412Z" },
    { url = "https://files.pythonhosted.org/packages/b0/e7/b106253c7c0d5dc352b9c8fab91afd76a93950998167fa3e5afe4ef3a18f/numpy-2.3.4-cp312-cp312-musllinux_1_2_x86_64.whl", hash = "sha256:dabc42f9c6577bcc13001b8810d300fe814b4cfbe8a92c873f269484594f9786", size = 18578983, upload-time = "2025-10-15T16:16:01.804Z" },
    { url = "https://files.pythonhosted.org/packages/73/e3/04ecc41e71462276ee867ccbef26a4448638eadecf1bc56772c9ed6d0255/numpy-2.3.4-cp312-cp312-win32.whl", hash = "sha256:a49d797192a8d950ca59ee2d0337a4d804f713bb5c3c50e8db26d49666e351dc", size = 6291380, upload-time = "2025-10-15T16:16:03.938Z" },
    { url = "https://files.pythonhosted.org/packages/3d/a8/566578b10d8d0e9955b1b6cd5db4e9d4592dd0026a941ff7994cedda030a/numpy-2.3.4-cp312-cp312-win_amd64.whl", hash = "sha256:985f1e46358f06c2a09921e8921e2c98168ed4ae12ccd6e5e87a4f1857923f32", size = 12787999, upload-time = "2025-10-15T16:16:05.801Z" },
    { url = "https://files.pythonhosted.org/packages/58/22/9c903a957d0a8071b607f5b1bff0761d6e608b9a965945411f867d515db1/numpy-2.3.4-cp312-cp312-win_arm64.whl", hash = "sha256:4635239814149e06e2cb9db3dd584b2fa64316c96f10656983b8026a82e6e4db", size = 10197412, upload-time = "2025-10-15T16:16:07.854Z" },
]

[[package]]
name = "pandas"
version = "2.2.2"
source = { registry = "https://pypi.org/simple" }
dependencies = [
    { name = "numpy" },
    { name = "python-dateutil" },
    { name = "pytz" },
    { name = "tzdata" },
]
sdist = { url = "https://files.pythonhosted.org/packages/88/d9/ecf715f34c73ccb1d8ceb82fc01cd1028a65a5f6dbc57bfa6ea155119058/pandas-2.2.2.tar.gz", hash = "sha256:9e79019aba43cb4fda9e4d983f8e88ca0373adbb697ae9c6c43093218de28b54", size = 4398391, upload-time = "2024-04-10T19:45:48.342Z" }
wheels = [
    { url = "https://files.pythonhosted.org/packages/dd/49/de869130028fb8d90e25da3b7d8fb13e40f5afa4c4af1781583eb1ff3839/pandas-2.2.2-cp312-cp312-macosx_10_9_x86_64.whl", hash = "sha256:9dfde2a0ddef507a631dc9dc4af6a9489d5e2e740e226ad426a05cabfbd7c8ef", size = 12500886, upload-time = "2024-04-10T19:45:01.808Z" },
    { url = "https://files.pythonhosted.org/packages/db/7c/9a60add21b96140e22465d9adf09832feade45235cd22f4cb1668a25e443/pandas-2.2.2-cp312-cp312-macosx_11_0_arm64.whl", hash = "sha256:e9b79011ff7a0f4b1d6da6a61aa1aa604fb312d6647de5bad20013682d1429ce", size = 11340320, upload-time = "2024-04-11T18:36:14.398Z" },
    { url = "https://files.pythonhosted.org/packages/b0/85/f95b5f322e1ae13b7ed7e97bd999160fa003424711ab4dc8344b8772c270/pandas-2.2.2-cp312-cp312-manylinux_2_17_aarch64.manylinux2014_aarch64.whl", hash = "sha256:1cb51fe389360f3b5a4d57dbd2848a5f033350336ca3b340d1c53a1fad33bcad", size = 15204346, upload-time = "2024-04-10T19:45:05.903Z" },
    { url = "https://files.pythonhosted.org/packages/40/10/79e52ef01dfeb1c1ca47a109a01a248754ebe990e159a844ece12914de83/pandas-2.2.2-cp312-cp312-manylinux_2_17_x86_64.manylinux2014_x86_64.whl", hash = "sha256:eee3a87076c0756de40b05c5e9a6069c035ba43e8dd71c379e68cab2c20f16ad", size = 12733396, upload-time = "2024-04-10T19:45:09.282Z" },
    { url = "https://files.pythonhosted.org/packages/35/9d/208febf8c4eb5c1d9ea3314d52d8bd415fd0ef0dd66bb24cc5bdbc8fa71a/pandas-2.2.2-cp312-cp312-musllinux_1_1_aarch64.whl", hash = "sha256:3e374f59e440d4ab45ca2fffde54b81ac3834cf5ae2cdfa69c90bc03bde04d76", size = 15858913, upload-time = "2024-04-10T19:45:12.514Z" },
    { url = "https://files.pythonhosted.org/packages/99/d1/2d9bd05def7a9e08a92ec929b5a4c8d5556ec76fae22b0fa486cbf33ea63/pandas-2.2.2-cp312-cp312-musllinux_1_1_x86_64.whl", hash = "sha256:43498c0bdb43d55cb162cdc8c06fac328ccb5d2eabe3cadeb3529ae6f0517c32", size = 13417786, upload-time = "2024-04-10T19:45:16.275Z" },
    { url = "https://files.pythonhosted.org/packages/22/a5/a0b255295406ed54269814bc93723cfd1a0da63fb9aaf99e1364f07923e5/pandas-2.2.2-cp312-cp312-win_amd64.whl", hash = "sha256:d187d355ecec3629624fccb01d104da7d7f391db0311145817525281e2804d23", size = 11498828, upload-time = "2024-04-10T19:45:19.85Z" },
]

[[package]]
name = "pydantic"
version = "2.12.2"
source = { registry = "https://pypi.org/simple" }
dependencies = [
    { name = "annotated-types" },
    { name = "pydantic-core" },
    { name = "typing-extensions" },
    { name = "typing-inspection" },
]
sdist = { url = "https://files.pythonhosted.org/packages/8d/35/d319ed522433215526689bad428a94058b6dd12190ce7ddd78618ac14b28/pydantic-2.12.2.tar.gz", hash = "sha256:7b8fa15b831a4bbde9d5b84028641ac3080a4ca2cbd4a621a661687e741624fd", size = 816358, upload-time = "2025-10-14T15:02:21.842Z" }
wheels = [
    { url = "https://files.pythonhosted.org/packages/6c/98/468cb649f208a6f1279448e6e5247b37ae79cf5e4041186f1e2ef3d16345/pydantic-2.12.2-py3-none-any.whl", hash = "sha256:25ff718ee909acd82f1ff9b1a4acfd781bb23ab3739adaa7144f19a6a4e231ae", size = 460628, upload-time = "2025-10-14T15:02:19.623Z" },
]

[[package]]
name = "pydantic-core"
version = "2.41.4"
source = { registry = "https://pypi.org/simple" }
dependencies = [
    { name = "typing-extensions" },
]
sdist = { url = "https://files.pythonhosted.org/packages/df/18/d0944e8eaaa3efd0a91b0f1fc537d3be55ad35091b6a87638211ba691964/pydantic_core-2.41.4.tar.gz", hash = "sha256:70e47929a9d4a1905a67e4b687d5946026390568a8e952b92824118063cee4d5", size = 457557, upload-time = "2025-10-14T10:23:47.909Z" }
wheels = [
    { url = "https://files.pythonhosted.org/packages/e9/81/d3b3e95929c4369d30b2a66a91db63c8ed0a98381ae55a45da2cd1cc1288/pydantic_core-2.41.4-cp312-cp312-macosx_10_12_x86_64.whl", hash = "sha256:ab06d77e053d660a6faaf04894446df7b0a7e7aba70c2797465a0a1af00fc887", size = 2099043, upload-time = "2025-10-14T10:20:28.561Z" },
    { url = "https://files.pythonhosted.org/packages/58/da/46fdac49e6717e3a94fc9201403e08d9d61aa7a770fab6190b8740749047/pydantic_core-2.41.4-cp312-cp312-macosx_11_0_arm64.whl", hash = "sha256:c53ff33e603a9c1179a9364b0a24694f183717b2e0da2b5ad43c316c956901b2", size = 1910699, upload-time = "2025-10-14T10:20:30.217Z" },
    { url = "https://files.pythonhosted.org/packages/1e/63/4d948f1b9dd8e991a5a98b77dd66c74641f5f2e5225fee37994b2e07d391/pydantic_core-2.41.4-cp312-cp312-manylinux_2_17_aarch64.manylinux2014_aarch64.whl", hash = "sha256:304c54176af2c143bd181d82e77c15c41cbacea8872a2225dd37e6544dce9999", size = 1952121, upload-time = "2025-10-14T10:20:32.246Z" },
    { url = "https://files.pythonhosted.org/packages/b2/a7/e5fc60a6f781fc634ecaa9ecc3c20171d238794cef69ae0af79ac11b89d7/pydantic_core-2.41.4-cp312-cp312-manylinux_2_17_armv7l.manylinux2014_armv7l.whl", hash = "sha256:025ba34a4cf4fb32f917d5d188ab5e702223d3ba603be4d8aca2f82bede432a4", size = 2041590, upload-time = "2025-10-14T10:20:34.332Z" },
    { url = "https://files.pythonhosted.org/packages/70/69/dce747b1d21d59e85af433428978a1893c6f8a7068fa2bb4a927fba7a5ff/pydantic_core-2.41.4-cp312-cp312-manylinux_2_17_ppc64le.manylinux2014_ppc64le.whl", hash = "sha256:b9f5f30c402ed58f90c70e12eff65547d3ab74685ffe8283c719e6bead8ef53f", size = 2219869, upload-time = "2025-10-14T10:20:35.965Z" },
    { url = "https://files.pythonhosted.org/packages/83/6a/c070e30e295403bf29c4df1cb781317b6a9bac7cd07b8d3acc94d501a63c/pydantic_core-2.41.4-cp312-cp312-manylinux_2_17_s390x.manylinux2014_s390x.whl", hash = "sha256:dd96e5d15385d301733113bcaa324c8bcf111275b7675a9c6e88bfb19fc05e3b", size = 2345169, upload-time = "2025-10-14T10:20:37.627Z" },
    { url = "https://files.pythonhosted.org/packages/f0/83/06d001f8043c336baea7fd202a9ac7ad71f87e1c55d8112c50b745c40324/pydantic_core-2.41.4-cp312-cp312-manylinux_2_17_x86_64.manylinux2014_x86_64.whl", hash = "sha256:98f348cbb44fae6e9653c1055db7e29de67ea6a9ca03a5fa2c2e11a47cff0e47", size = 2070165, upload-time = "2025-10-14T10:20:39.246Z" },
    { url = "https://files.pythonhosted.org/packages/14/0a/e567c2883588dd12bcbc110232d892cf385356f7c8a9910311ac997ab715/pydantic_core-2.41.4-cp312-cp312-manylinux_2_5_i686.manylinux1_i686.whl", hash = "sha256:ec22626a2d14620a83ca583c6f5a4080fa3155282718b6055c2ea48d3ef35970", size = 2189067, upload-time = "2025-10-14T10:20:41.015Z" },
    { url = "https://files.pythonhosted.org/packages/f4/1d/3d9fca34273ba03c9b1c5289f7618bc4bd09c3ad2289b5420481aa051a99/pydantic_core-2.41.4-cp312-cp312-musllinux_1_1_aarch64.whl", hash = "sha256:3a95d4590b1f1a43bf33ca6d647b990a88f4a3824a8c4572c708f0b45a5290ed", size = 2132997, upload-time = "2025-10-14T10:20:43.106Z" },
    { url = "https://files.pythonhosted.org/packages/52/70/d702ef7a6cd41a8afc61f3554922b3ed8d19dd54c3bd4bdbfe332e610827/pydantic_core-2.41.4-cp312-cp312-musllinux_1_1_armv7l.whl", hash = "sha256:f9672ab4d398e1b602feadcffcdd3af44d5f5e6ddc15bc7d15d376d47e8e19f8", size = 2307187, upload-time = "2025-10-14T10:20:44.849Z" },
    { url = "https://files.pythonhosted.org/packages/68/4c/c06be6e27545d08b802127914156f38d10ca287a9e8489342793de8aae3c/pydantic_core-2.41.4-cp312-cp312-musllinux_1_1_x86_64.whl", hash = "sha256:84d8854db5f55fead3b579f04bda9a36461dab0730c5d570e1526483e7bb8431", size = 2305204, upload-time = "2025-10-14T10:20:46.781Z" },
    { url = "https://files.pythonhosted.org/packages/b0/e5/35ae4919bcd9f18603419e23c5eaf32750224a89d41a8df1a3704b69f77e/pydantic_core-2.41.4-cp312-cp312-win32.whl", hash = "sha256:9be1c01adb2ecc4e464392c36d17f97e9110fbbc906bcbe1c943b5b87a74aabd", size = 1972536, upload-time = "2025-10-14T10:20:48.39Z" },
    { url = "https://files.pythonhosted.org/packages/1e/c2/49c5bb6d2a49eb2ee3647a93e3dae7080c6409a8a7558b075027644e879c/pydantic_core-2.41.4-cp312-cp312-win_amd64.whl", hash = "sha256:d682cf1d22bab22a5be08539dca3d1593488a99998f9f412137bc323179067ff", size = 2031132, upload-time = "2025-10-14T10:20:50.421Z" },
    { url = "https://files.pythonhosted.org/packages/06/23/936343dbcba6eec93f73e95eb346810fc732f71ba27967b287b66f7b7097/pydantic_core-2.41.4-cp312-cp312-win_arm64.whl", hash = "sha256:833eebfd75a26d17470b58768c1834dfc90141b7afc6eb0429c21fc5a21dcfb8", size = 1969483, upload-time = "2025-10-14T10:20:52.35Z" },
    { url = "https://files.pythonhosted.org/packages/c4/48/ae937e5a831b7c0dc646b2ef788c27cd003894882415300ed21927c21efa/pydantic_core-2.41.4-graalpy312-graalpy250_312_native-macosx_10_12_x86_64.whl", hash = "sha256:4f5d640aeebb438517150fdeec097739614421900e4a08db4a3ef38898798537", size = 2112087, upload-time = "2025-10-14T10:22:56.818Z" },
    { url = "https://files.pythonhosted.org/packages/5e/db/6db8073e3d32dae017da7e0d16a9ecb897d0a4d92e00634916e486097961/pydantic_core-2.41.4-graalpy312-graalpy250_312_native-macosx_11_0_arm64.whl", hash = "sha256:4a9ab037b71927babc6d9e7fc01aea9e66dc2a4a34dff06ef0724a4049629f94", size = 1920387, upload-time = "2025-10-14T10:22:59.342Z" },
    { url = "https://files.pythonhosted.org/packages/0d/c1/dd3542d072fcc336030d66834872f0328727e3b8de289c662faa04aa270e/pydantic_core-2.41.4-graalpy312-graalpy250_312_native-manylinux_2_17_aarch64.manylinux2014_aarch64.whl", hash = "sha256:e4dab9484ec605c3016df9ad4fd4f9a390bc5d816a3b10c6550f8424bb80b18c", size = 1951495, upload-time = "2025-10-14T10:23:02.089Z" },
    { url = "https://files.pythonhosted.org/packages/2b/c6/db8d13a1f8ab3f1eb08c88bd00fd62d44311e3456d1e85c0e59e0a0376e7/pydantic_core-2.41.4-graalpy312-graalpy250_312_native-manylinux_2_17_x86_64.manylinux2014_x86_64.whl", hash = "sha256:bd8a5028425820731d8c6c098ab642d7b8b999758e24acae03ed38a66eca8335", size = 2139008, upload-time = "2025-10-14T10:23:04.539Z" },
]

[[package]]
name = "python-dateutil"
version = "2.9.0.post0"
source = { registry = "https://pypi.org/simple" }
dependencies = [
    { name = "six" },
]
sdist = { url = "https://files.pythonhosted.org/packages/66/c0/0c8b6ad9f17a802ee498c46e004a0eb49bc148f2fd230864601a86dcf6db/python-dateutil-2.9.0.post0.tar.gz", hash = "sha256:37dd54208da7e1cd875388217d5e00ebd4179249f90fb72437e91a35459a0ad3", size = 342432, upload-time = "2024-03-01T18:36:20.211Z" }
wheels = [
    { url = "https://files.pythonhosted.org/packages/ec/57/56b9bcc3c9c6a792fcbaf139543cee77261f3651ca9da0c93f5c1221264b/python_dateutil-2.9.0.post0-py2.py3-none-any.whl", hash = "sha256:a8b2bc7bffae282281c8140a97d3aa9c14da0b136dfe83f850eea9a5f7470427", size = 229892, upload-time = "2024-03-01T18:36:18.57Z" },
]

[[package]]
name = "python-dotenv"
version = "1.0.1"
source = { registry = "https://pypi.org/simple" }
sdist = { url = "https://files.pythonhosted.org/packages/bc/57/e84d88dfe0aec03b7a2d4327012c1627ab5f03652216c63d49846d7a6c58/python-dotenv-1.0.1.tar.gz", hash = "sha256:e324ee90a023d808f1959c46bcbc04446a10ced277783dc6ee09987c37ec10ca", size = 39115, upload-time = "2024-01-23T06:33:00.505Z" }
wheels = [
    { url = "https://files.pythonhosted.org/packages/6a/3e/b68c118422ec867fa7ab88444e1274aa40681c606d59ac27de5a5588f082/python_dotenv-1.0.1-py3-none-any.whl", hash = "sha256:f7b63ef50f1b690dddf550d03497b66d609393b40b564ed0d674909a68ebf16a", size = 19863, upload-time = "2024-01-23T06:32:58.246Z" },
]

[[package]]
name = "pytz"
version = "2025.2"
source = { registry = "https://pypi.org/simple" }
sdist = { url = "https://files.pythonhosted.org/packages/f8/bf/abbd3cdfb8fbc7fb3d4d38d320f2441b1e7cbe29be4f23797b4a2b5d8aac/pytz-2025.2.tar.gz", hash = "sha256:360b9e3dbb49a209c21ad61809c7fb453643e048b38924c765813546746e81c3", size = 320884, upload-time = "2025-03-25T02:25:00.538Z" }
wheels = [
    { url = "https://files.pythonhosted.org/packages/81/c4/34e93fe5f5429d7570ec1fa436f1986fb1f00c3e0f43a589fe2bbcd22c3f/pytz-2025.2-py2.py3-none-any.whl", hash = "sha256:5ddf76296dd8c44c26eb8f4b6f35488f3ccbf6fbbd7adee0b7262d43f0ec2f00", size = 509225, upload-time = "2025-03-25T02:24:58.468Z" },
]

[[package]]
name = "pyyaml"
version = "6.0.3"
source = { registry = "https://pypi.org/simple" }
sdist = { url = "https://files.pythonhosted.org/packages/05/8e/961c0007c59b8dd7729d542c61a4d537767a59645b82a0b521206e1e25c2/pyyaml-6.0.3.tar.gz", hash = "sha256:d76623373421df22fb4cf8817020cbb7ef15c725b9d5e45f17e189bfc384190f", size = 130960, upload-time = "2025-09-25T21:33:16.546Z" }
wheels = [
    { url = "https://files.pythonhosted.org/packages/d1/33/422b98d2195232ca1826284a76852ad5a86fe23e31b009c9886b2d0fb8b2/pyyaml-6.0.3-cp312-cp312-macosx_10_13_x86_64.whl", hash = "sha256:7f047e29dcae44602496db43be01ad42fc6f1cc0d8cd6c83d342306c32270196", size = 182063, upload-time = "2025-09-25T21:32:11.445Z" },
    { url = "https://files.pythonhosted.org/packages/89/a0/6cf41a19a1f2f3feab0e9c0b74134aa2ce6849093d5517a0c550fe37a648/pyyaml-6.0.3-cp312-cp312-macosx_11_0_arm64.whl", hash = "sha256:fc09d0aa354569bc501d4e787133afc08552722d3ab34836a80547331bb5d4a0", size = 173973, upload-time = "2025-09-25T21:32:12.492Z" },
    { url = "https://files.pythonhosted.org/packages/ed/23/7a778b6bd0b9a8039df8b1b1d80e2e2ad78aa04171592c8a5c43a56a6af4/pyyaml-6.0.3-cp312-cp312-manylinux2014_aarch64.manylinux_2_17_aarch64.manylinux_2_28_aarch64.whl", hash = "sha256:9149cad251584d5fb4981be1ecde53a1ca46c891a79788c0df828d2f166bda28", size = 775116, upload-time = "2025-09-25T21:32:13.652Z" },
    { url = "https://files.pythonhosted.org/packages/65/30/d7353c338e12baef4ecc1b09e877c1970bd3382789c159b4f89d6a70dc09/pyyaml-6.0.3-cp312-cp312-manylinux2014_s390x.manylinux_2_17_s390x.manylinux_2_28_s390x.whl", hash = "sha256:5fdec68f91a0c6739b380c83b951e2c72ac0197ace422360e6d5a959d8d97b2c", size = 844011, upload-time = "2025-09-25T21:32:15.21Z" },
    { url = "https://files.pythonhosted.org/packages/8b/9d/b3589d3877982d4f2329302ef98a8026e7f4443c765c46cfecc8858c6b4b/pyyaml-6.0.3-cp312-cp312-manylinux2014_x86_64.manylinux_2_17_x86_64.manylinux_2_28_x86_64.whl", hash = "sha256:ba1cc08a7ccde2d2ec775841541641e4548226580ab850948cbfda66a1befcdc", size = 807870, upload-time = "2025-09-25T21:32:16.431Z" },
    { url = "https://files.pythonhosted.org/packages/05/c0/b3be26a015601b822b97d9149ff8cb5ead58c66f981e04fedf4e762f4bd4/pyyaml-6.0.3-cp312-cp312-musllinux_1_2_aarch64.whl", hash = "sha256:8dc52c23056b9ddd46818a57b78404882310fb473d63f17b07d5c40421e47f8e", size = 761089, upload-time = "2025-09-25T21:32:17.56Z" },
    { url = "https://files.pythonhosted.org/packages/be/8e/98435a21d1d4b46590d5459a22d88128103f8da4c2d4cb8f14f2a96504e1/pyyaml-6.0.3-cp312-cp312-musllinux_1_2_x86_64.whl", hash = "sha256:41715c910c881bc081f1e8872880d3c650acf13dfa8214bad49ed4cede7c34ea", size = 790181, upload-time = "2025-09-25T21:32:18.834Z" },
    { url = "https://files.pythonhosted.org/packages/74/93/7baea19427dcfbe1e5a372d81473250b379f04b1bd3c4c5ff825e2327202/pyyaml-6.0.3-cp312-cp312-win32.whl", hash = "sha256:96b533f0e99f6579b3d4d4995707cf36df9100d67e0c8303a0c55b27b5f99bc5", size = 137658, upload-time = "2025-09-25T21:32:20.209Z" },
    { url = "https://files.pythonhosted.org/packages/86/bf/899e81e4cce32febab4fb42bb97dcdf66bc135272882d1987881a4b519e9/pyyaml-6.0.3-cp312-cp312-win_amd64.whl", hash = "sha256:5fcd34e47f6e0b794d17de1b4ff496c00986e1c83f7ab2fb8fcfe9616ff7477b", size = 154003, upload-time = "2025-09-25T21:32:21.167Z" },
    { url = "https://files.pythonhosted.org/packages/1a/08/67bd04656199bbb51dbed1439b7f27601dfb576fb864099c7ef0c3e55531/pyyaml-6.0.3-cp312-cp312-win_arm64.whl", hash = "sha256:64386e5e707d03a7e172c0701abfb7e10f0fb753ee1d773128192742712a98fd", size = 140344, upload-time = "2025-09-25T21:32:22.617Z" },
]

[[package]]
name = "six"
version = "1.17.0"
source = { registry = "https://pypi.org/simple" }
sdist = { url = "https://files.pythonhosted.org/packages/94/e7/b2c673351809dca68a0e064b6af791aa332cf192da575fd474ed7d6f16a2/six-1.17.0.tar.gz", hash = "sha256:ff70335d468e7eb6ec65b95b99d3a2836546063f63acc5171de367e834932a81", size = 34031, upload-time = "2024-12-04T17:35:28.174Z" }
wheels = [
    { url = "https://files.pythonhosted.org/packages/b7/ce/149a00dd41f10bc29e5921b496af8b574d8413afcd5e30dfa0ed46c2cc5e/six-1.17.0-py2.py3-none-any.whl", hash = "sha256:4721f391ed90541fddacab5acf947aa0d3dc7d27b2e1e8eda2be8970586c3274", size = 11050, upload-time = "2024-12-04T17:35:26.475Z" },
]

[[package]]
name = "sniffio"
version = "1.3.1"
source = { registry = "https://pypi.org/simple" }
sdist = { url = "https://files.pythonhosted.org/packages/a2/87/a6771e1546d97e7e041b6ae58d80074f81b7d5121207425c964ddf5cfdbd/sniffio-1.3.1.tar.gz", hash = "sha256:f4324edc670a0f49750a81b895f35c3adb843cca46f0530f79fc1babb23789dc", size = 20372, upload-time = "2024-02-25T23:20:04.057Z" }
wheels = [
    { url = "https://files.pythonhosted.org/packages/e9/44/75a9c9421471a6c4805dbf2356f7c181a29c1879239abab1ea2cc8f38b40/sniffio-1.3.1-py3-none-any.whl", hash = "sha256:2f6da418d1f1e0fddd844478f41680e794e6051915791a034ff65e5f100525a2", size = 10235, upload-time = "2024-02-25T23:20:01.196Z" },
]

[[package]]
name = "starlette"
version = "0.47.3"
source = { registry = "https://pypi.org/simple" }
dependencies = [
    { name = "anyio" },
    { name = "typing-extensions" },
]
sdist = { url = "https://files.pythonhosted.org/packages/15/b9/cc3017f9a9c9b6e27c5106cc10cc7904653c3eec0729793aec10479dd669/starlette-0.47.3.tar.gz", hash = "sha256:6bc94f839cc176c4858894f1f8908f0ab79dfec1a6b8402f6da9be26ebea52e9", size = 2584144, upload-time = "2025-08-24T13:36:42.122Z" }
wheels = [
    { url = "https://files.pythonhosted.org/packages/ce/fd/901cfa59aaa5b30a99e16876f11abe38b59a1a2c51ffb3d7142bb6089069/starlette-0.47.3-py3-none-any.whl", hash = "sha256:89c0778ca62a76b826101e7c709e70680a1699ca7da6b44d38eb0a7e61fe4b51", size = 72991, upload-time = "2025-08-24T13:36:40.887Z" },
]

[[package]]
name = "typing-extensions"
version = "4.15.0"
source = { registry = "https://pypi.org/simple" }
sdist = { url = "https://files.pythonhosted.org/packages/72/94/1a15dd82efb362ac84269196e94cf00f187f7ed21c242792a923cdb1c61f/typing_extensions-4.15.0.tar.gz", hash = "sha256:0cea48d173cc12fa28ecabc3b837ea3cf6f38c6d1136f85cbaaf598984861466", size = 109391, upload-time = "2025-08-25T13:49:26.313Z" }
wheels = [
    { url = "https://files.pythonhosted.org/packages/18/67/36e9267722cc04a6b9f15c7f3441c2363321a3ea07da7ae0c0707beb2a9c/typing_extensions-4.15.0-py3-none-any.whl", hash = "sha256:f0fa19c6845758ab08074a0cfa8b7aecb71c999ca73d62883bc25cc018c4e548", size = 44614, upload-time = "2025-08-25T13:49:24.86Z" },
]

[[package]]
name = "typing-inspection"
version = "0.4.2"
source = { registry = "https://pypi.org/simple" }
dependencies = [
    { name = "typing-extensions" },
]
sdist = { url = "https://files.pythonhosted.org/packages/55/e3/70399cb7dd41c10ac53367ae42139cf4b1ca5f36bb3dc6c9d33acdb43655/typing_inspection-0.4.2.tar.gz", hash = "sha256:ba561c48a67c5958007083d386c3295464928b01faa735ab8547c5692e87f464", size = 75949, upload-time = "2025-10-01T02:14:41.687Z" }
wheels = [
    { url = "https://files.pythonhosted.org/packages/dc/9b/47798a6c91d8bdb567fe2698fe81e0c6b7cb7ef4d13da4114b41d239f65d/typing_inspection-0.4.2-py3-none-any.whl", hash = "sha256:4ed1cacbdc298c220f1bd249ed5287caa16f34d44ef4e9c3d0cbad5b521545e7", size = 14611, upload-time = "2025-10-01T02:14:40.154Z" },
]

[[package]]
name = "tzdata"
version = "2025.2"
source = { registry = "https://pypi.org/simple" }
sdist = { url = "https://files.pythonhosted.org/packages/95/32/1a225d6164441be760d75c2c42e2780dc0873fe382da3e98a2e1e48361e5/tzdata-2025.2.tar.gz", hash = "sha256:b60a638fcc0daffadf82fe0f57e53d06bdec2f36c4df66280ae79bce6bd6f2b9", size = 196380, upload-time = "2025-03-23T13:54:43.652Z" }
wheels = [
    { url = "https://files.pythonhosted.org/packages/5c/23/c7abc0ca0a1526a0774eca151daeb8de62ec457e77262b66b359c3c7679e/tzdata-2025.2-py2.py3-none-any.whl", hash = "sha256:1a403fada01ff9221ca8044d701868fa132215d84beb92242d9acd2147f667a8", size = 347839, upload-time = "2025-03-23T13:54:41.845Z" },
]

[[package]]
name = "uvicorn"
version = "0.35.0"
source = { registry = "https://pypi.org/simple" }
dependencies = [
    { name = "click" },
    { name = "h11" },
]
sdist = { url = "https://files.pythonhosted.org/packages/5e/42/e0e305207bb88c6b8d3061399c6a961ffe5fbb7e2aa63c9234df7259e9cd/uvicorn-0.35.0.tar.gz", hash = "sha256:bc662f087f7cf2ce11a1d7fd70b90c9f98ef2e2831556dd078d131b96cc94a01", size = 78473, upload-time = "2025-06-28T16:15:46.058Z" }
wheels = [
    { url = "https://files.pythonhosted.org/packages/d2/e2/dc81b1bd1dcfe91735810265e9d26bc8ec5da45b4c0f6237e286819194c3/uvicorn-0.35.0-py3-none-any.whl", hash = "sha256:197535216b25ff9b785e29a0b79199f55222193d47f820816e7da751e9bc8d4a", size = 66406, upload-time = "2025-06-28T16:15:44.816Z" },
]

[package.optional-dependencies]
standard = [
    { name = "colorama", marker = "sys_platform == 'win32'" },
    { name = "httptools" },
    { name = "python-dotenv" },
    { name = "pyyaml" },
    { name = "uvloop", marker = "platform_python_implementation != 'PyPy' and sys_platform != 'cygwin' and sys_platform != 'win32'" },
    { name = "watchfiles" },
    { name = "websockets" },
]

[[package]]
name = "uvloop"
version = "0.21.0"
source = { registry = "https://pypi.org/simple" }
sdist = { url = "https://files.pythonhosted.org/packages/af/c0/854216d09d33c543f12a44b393c402e89a920b1a0a7dc634c42de91b9cf6/uvloop-0.21.0.tar.gz", hash = "sha256:3bf12b0fda68447806a7ad847bfa591613177275d35b6724b1ee573faa3704e3", size = 2492741, upload-time = "2024-10-14T23:38:35.489Z" }
wheels = [
    { url = "https://files.pythonhosted.org/packages/8c/4c/03f93178830dc7ce8b4cdee1d36770d2f5ebb6f3d37d354e061eefc73545/uvloop-0.21.0-cp312-cp312-macosx_10_13_universal2.whl", hash = "sha256:359ec2c888397b9e592a889c4d72ba3d6befba8b2bb01743f72fffbde663b59c", size = 1471284, upload-time = "2024-10-14T23:37:47.833Z" },
    { url = "https://files.pythonhosted.org/packages/43/3e/92c03f4d05e50f09251bd8b2b2b584a2a7f8fe600008bcc4523337abe676/uvloop-0.21.0-cp312-cp312-macosx_10_13_x86_64.whl", hash = "sha256:f7089d2dc73179ce5ac255bdf37c236a9f914b264825fdaacaded6990a7fb4c2", size = 821349, upload-time = "2024-10-14T23:37:50.149Z" },
    { url = "https://files.pythonhosted.org/packages/a6/ef/a02ec5da49909dbbfb1fd205a9a1ac4e88ea92dcae885e7c961847cd51e2/uvloop-0.21.0-cp312-cp312-manylinux_2_17_aarch64.manylinux2014_aarch64.whl", hash = "sha256:baa4dcdbd9ae0a372f2167a207cd98c9f9a1ea1188a8a526431eef2f8116cc8d", size = 4580089, upload-time = "2024-10-14T23:37:51.703Z" },
    { url = "https://files.pythonhosted.org/packages/06/a7/b4e6a19925c900be9f98bec0a75e6e8f79bb53bdeb891916609ab3958967/uvloop-0.21.0-cp312-cp312-manylinux_2_17_x86_64.manylinux2014_x86_64.whl", hash = "sha256:86975dca1c773a2c9864f4c52c5a55631038e387b47eaf56210f873887b6c8dc", size = 4693770, upload-time = "2024-10-14T23:37:54.122Z" },
    { url = "https://files.pythonhosted.org/packages/ce/0c/f07435a18a4b94ce6bd0677d8319cd3de61f3a9eeb1e5f8ab4e8b5edfcb3/uvloop-0.21.0-cp312-cp312-musllinux_1_2_aarch64.whl", hash = "sha256:461d9ae6660fbbafedd07559c6a2e57cd553b34b0065b6550685f6653a98c1cb", size = 4451321, upload-time = "2024-10-14T23:37:55.766Z" },
    { url = "https://files.pythonhosted.org/packages/8f/eb/f7032be105877bcf924709c97b1bf3b90255b4ec251f9340cef912559f28/uvloop-0.21.0-cp312-cp312-musllinux_1_2_x86_64.whl", hash = "sha256:183aef7c8730e54c9a3ee3227464daed66e37ba13040bb3f350bc2ddc040f22f", size = 4659022, upload-time = "2024-10-14T23:37:58.195Z" },
]

[[package]]
name = "watchfiles"
version = "1.1.1"
source = { registry = "https://pypi.org/simple" }
dependencies = [
    { name = "anyio" },
]
sdist = { url = "https://files.pythonhosted.org/packages/c2/c9/8869df9b2a2d6c59d79220a4db37679e74f807c559ffe5265e08b227a210/watchfiles-1.1.1.tar.gz", hash = "sha256:a173cb5c16c4f40ab19cecf48a534c409f7ea983ab8fed0741304a1c0a31b3f2", size = 94440, upload-time = "2025-10-14T15:06:21.08Z" }
wheels = [
    { url = "https://files.pythonhosted.org/packages/74/d5/f039e7e3c639d9b1d09b07ea412a6806d38123f0508e5f9b48a87b0a76cc/watchfiles-1.1.1-cp312-cp312-macosx_10_12_x86_64.whl", hash = "sha256:8c89f9f2f740a6b7dcc753140dd5e1ab9215966f7a3530d0c0705c83b401bd7d", size = 404745, upload-time = "2025-10-14T15:04:46.731Z" },
    { url = "https://files.pythonhosted.org/packages/a5/96/a881a13aa1349827490dab2d363c8039527060cfcc2c92cc6d13d1b1049e/watchfiles-1.1.1-cp312-cp312-macosx_11_0_arm64.whl", hash = "sha256:bd404be08018c37350f0d6e34676bd1e2889990117a2b90070b3007f172d0610", size = 391769, upload-time = "2025-10-14T15:04:48.003Z" },
    { url = "https://files.pythonhosted.org/packages/4b/5b/d3b460364aeb8da471c1989238ea0e56bec24b6042a68046adf3d9ddb01c/watchfiles-1.1.1-cp312-cp312-manylinux_2_17_aarch64.manylinux2014_aarch64.whl", hash = "sha256:8526e8f916bb5b9a0a777c8317c23ce65de259422bba5b31325a6fa6029d33af", size = 449374, upload-time = "2025-10-14T15:04:49.179Z" },
    { url = "https://files.pythonhosted.org/packages/b9/44/5769cb62d4ed055cb17417c0a109a92f007114a4e07f30812a73a4efdb11/watchfiles-1.1.1-cp312-cp312-manylinux_2_17_armv7l.manylinux2014_armv7l.whl", hash = "sha256:2edc3553362b1c38d9f06242416a5d8e9fe235c204a4072e988ce2e5bb1f69f6", size = 459485, upload-time = "2025-10-14T15:04:50.155Z" },
    { url = "https://files.pythonhosted.org/packages/19/0c/286b6301ded2eccd4ffd0041a1b726afda999926cf720aab63adb68a1e36/watchfiles-1.1.1-cp312-cp312-manylinux_2_17_i686.manylinux2014_i686.whl", hash = "sha256:30f7da3fb3f2844259cba4720c3fc7138eb0f7b659c38f3bfa65084c7fc7abce", size = 488813, upload-time = "2025-10-14T15:04:51.059Z" },
    { url = "https://files.pythonhosted.org/packages/c7/2b/8530ed41112dd4a22f4dcfdb5ccf6a1baad1ff6eed8dc5a5f09e7e8c41c7/watchfiles-1.1.1-cp312-cp312-manylinux_2_17_ppc64le.manylinux2014_ppc64le.whl", hash = "sha256:f8979280bdafff686ba5e4d8f97840f929a87ed9cdf133cbbd42f7766774d2aa", size = 594816, upload-time = "2025-10-14T15:04:52.031Z" },
    { url = "https://files.pythonhosted.org/packages/ce/d2/f5f9fb49489f184f18470d4f99f4e862a4b3e9ac2865688eb2099e3d837a/watchfiles-1.1.1-cp312-cp312-manylinux_2_17_s390x.manylinux2014_s390x.whl", hash = "sha256:dcc5c24523771db3a294c77d94771abcfcb82a0e0ee8efd910c37c59ec1b31bb", size = 475186, upload-time = "2025-10-14T15:04:53.064Z" },
    { url = "https://files.pythonhosted.org/packages/cf/68/5707da262a119fb06fbe214d82dd1fe4a6f4af32d2d14de368d0349eb52a/watchfiles-1.1.1-cp312-cp312-manylinux_2_17_x86_64.manylinux2014_x86_64.whl", hash = "sha256:1db5d7ae38ff20153d542460752ff397fcf5c96090c1230803713cf3147a6803", size = 456812, upload-time = "2025-10-14T15:04:55.174Z" },
    { url = "https://files.pythonhosted.org/packages/66/ab/3cbb8756323e8f9b6f9acb9ef4ec26d42b2109bce830cc1f3468df20511d/watchfiles-1.1.1-cp312-cp312-musllinux_1_1_aarch64.whl", hash = "sha256:28475ddbde92df1874b6c5c8aaeb24ad5be47a11f87cde5a28ef3835932e3e94", size = 630196, upload-time = "2025-10-14T15:04:56.22Z" },
    { url = "https://files.pythonhosted.org/packages/78/46/7152ec29b8335f80167928944a94955015a345440f524d2dfe63fc2f437b/watchfiles-1.1.1-cp312-cp312-musllinux_1_1_x86_64.whl", hash = "sha256:36193ed342f5b9842edd3532729a2ad55c4160ffcfa3700e0d54be496b70dd43", size = 622657, upload-time = "2025-10-14T15:04:57.521Z" },
    { url = "https://files.pythonhosted.org/packages/0a/bf/95895e78dd75efe9a7f31733607f384b42eb5feb54bd2eb6ed57cc2e94f4/watchfiles-1.1.1-cp312-cp312-win32.whl", hash = "sha256:859e43a1951717cc8de7f4c77674a6d389b106361585951d9e69572823f311d9", size = 272042, upload-time = "2025-10-14T15:04:59.046Z" },
    { url = "https://files.pythonhosted.org/packages/87/0a/90eb755f568de2688cb220171c4191df932232c20946966c27a59c400850/watchfiles-1.1.1-cp312-cp312-win_amd64.whl", hash = "sha256:91d4c9a823a8c987cce8fa2690923b069966dabb196dd8d137ea2cede885fde9", size = 288410, upload-time = "2025-10-14T15:05:00.081Z" },
    { url = "https://files.pythonhosted.org/packages/36/76/f322701530586922fbd6723c4f91ace21364924822a8772c549483abed13/watchfiles-1.1.1-cp312-cp312-win_arm64.whl", hash = "sha256:a625815d4a2bdca61953dbba5a39d60164451ef34c88d751f6c368c3ea73d404", size = 278209, upload-time = "2025-10-14T15:05:01.168Z" },
]

[[package]]
name = "websockets"
version = "15.0.1"
source = { registry = "https://pypi.org/simple" }
sdist = { url = "https://files.pythonhosted.org/packages/21/e6/26d09fab466b7ca9c7737474c52be4f76a40301b08362eb2dbc19dcc16c1/websockets-15.0.1.tar.gz", hash = "sha256:82544de02076bafba038ce055ee6412d68da13ab47f0c60cab827346de828dee", size = 177016, upload-time = "2025-03-05T20:03:41.606Z" }
wheels = [
    { url = "https://files.pythonhosted.org/packages/51/6b/4545a0d843594f5d0771e86463606a3988b5a09ca5123136f8a76580dd63/websockets-15.0.1-cp312-cp312-macosx_10_13_universal2.whl", hash = "sha256:3e90baa811a5d73f3ca0bcbf32064d663ed81318ab225ee4f427ad4e26e5aff3", size = 175437, upload-time = "2025-03-05T20:02:16.706Z" },
    { url = "https://files.pythonhosted.org/packages/f4/71/809a0f5f6a06522af902e0f2ea2757f71ead94610010cf570ab5c98e99ed/websockets-15.0.1-cp312-cp312-macosx_10_13_x86_64.whl", hash = "sha256:592f1a9fe869c778694f0aa806ba0374e97648ab57936f092fd9d87f8bc03665", size = 173096, upload-time = "2025-03-05T20:02:18.832Z" },
    { url = "https://files.pythonhosted.org/packages/3d/69/1a681dd6f02180916f116894181eab8b2e25b31e484c5d0eae637ec01f7c/websockets-15.0.1-cp312-cp312-macosx_11_0_arm64.whl", hash = "sha256:0701bc3cfcb9164d04a14b149fd74be7347a530ad3bbf15ab2c678a2cd3dd9a2", size = 173332, upload-time = "2025-03-05T20:02:20.187Z" },
    { url = "https://files.pythonhosted.org/packages/a6/02/0073b3952f5bce97eafbb35757f8d0d54812b6174ed8dd952aa08429bcc3/websockets-15.0.1-cp312-cp312-manylinux_2_17_aarch64.manylinux2014_aarch64.whl", hash = "sha256:e8b56bdcdb4505c8078cb6c7157d9811a85790f2f2b3632c7d1462ab5783d215", size = 183152, upload-time = "2025-03-05T20:02:22.286Z" },
    { url = "https://files.pythonhosted.org/packages/74/45/c205c8480eafd114b428284840da0b1be9ffd0e4f87338dc95dc6ff961a1/websockets-15.0.1-cp312-cp312-manylinux_2_5_i686.manylinux1_i686.manylinux_2_17_i686.manylinux2014_i686.whl", hash = "sha256:0af68c55afbd5f07986df82831c7bff04846928ea8d1fd7f30052638788bc9b5", size = 182096, upload-time = "2025-03-05T20:02:24.368Z" },
    { url = "https://files.pythonhosted.org/packages/14/8f/aa61f528fba38578ec553c145857a181384c72b98156f858ca5c8e82d9d3/websockets-15.0.1-cp312-cp312-manylinux_2_5_x86_64.manylinux1_x86_64.manylinux_2_17_x86_64.manylinux2014_x86_64.whl", hash = "sha256:64dee438fed052b52e4f98f76c5790513235efaa1ef7f3f2192c392cd7c91b65", size = 182523, upload-time = "2025-03-05T20:02:25.669Z" },
    { url = "https://files.pythonhosted.org/packages/ec/6d/0267396610add5bc0d0d3e77f546d4cd287200804fe02323797de77dbce9/websockets-15.0.1-cp312-cp312-musllinux_1_2_aarch64.whl", hash = "sha256:d5f6b181bb38171a8ad1d6aa58a67a6aa9d4b38d0f8c5f496b9e42561dfc62fe", size = 182790, upload-time = "2025-03-05T20:02:26.99Z" },
    { url = "https://files.pythonhosted.org/packages/02/05/c68c5adbf679cf610ae2f74a9b871ae84564462955d991178f95a1ddb7dd/websockets-15.0.1-cp312-cp312-musllinux_1_2_i686.whl", hash = "sha256:5d54b09eba2bada6011aea5375542a157637b91029687eb4fdb2dab11059c1b4", size = 182165, upload-time = "2025-03-05T20:02:30.291Z" },
    { url = "https://files.pythonhosted.org/packages/29/93/bb672df7b2f5faac89761cb5fa34f5cec45a4026c383a4b5761c6cea5c16/websockets-15.0.1-cp312-cp312-musllinux_1_2_x86_64.whl", hash = "sha256:3be571a8b5afed347da347bfcf27ba12b069d9d7f42cb8c7028b5e98bbb12597", size = 182160, upload-time = "2025-03-05T20:02:31.634Z" },
    { url = "https://files.pythonhosted.org/packages/ff/83/de1f7709376dc3ca9b7eeb4b9a07b4526b14876b6d372a4dc62312bebee0/websockets-15.0.1-cp312-cp312-win32.whl", hash = "sha256:c338ffa0520bdb12fbc527265235639fb76e7bc7faafbb93f6ba80d9c06578a9", size = 176395, upload-time = "2025-03-05T20:02:33.017Z" },
    { url = "https://files.pythonhosted.org/packages/7d/71/abf2ebc3bbfa40f391ce1428c7168fb20582d0ff57019b69ea20fa698043/websockets-15.0.1-cp312-cp312-win_amd64.whl", hash = "sha256:fcd5cf9e305d7b8338754470cf69cf81f420459dbae8a3b40cee57417f4614a7", size = 176841, upload-time = "2025-03-05T20:02:34.498Z" },
    { url = "https://files.pythonhosted.org/packages/fa/a8/5b41e0da817d64113292ab1f8247140aac61cbf6cfd085d6a0fa77f4984f/websockets-15.0.1-py3-none-any.whl", hash = "sha256:f7a866fbc1e97b5c617ee4116daaa09b722101d4a3c170c787450ba409f9736f", size = 169743, upload-time = "2025-03-05T20:03:39.41Z" },
]
